PODS:
  - Introspect (0.1.4)
  - Realm (10.28.3):
    - Realm/Headers (= 10.28.3)
  - Realm/Headers (10.28.3)
  - RealmSwift (10.28.3):
    - Realm (= 10.28.3)
  - Toaster (2.3.0)

DEPENDENCIES:
  - Introspect
  - RealmSwift
  - Toaster

SPEC REPOS:
  trunk:
    - Introspect
    - Realm
    - RealmSwift
    - Toaster

SPEC CHECKSUMS:
  Introspect: b62c4dd2063072327c21d618ef2bedc3c87bc366
  Realm: 64e66568d981de2496f81ecab2e1372b27dc7d58
  RealmSwift: 29bcda3a1fa5613b358bd7ec638f5e12afc89c3a
  Toaster: c3473963c78e8cabbf6ea6f11ad0fdaae6f54987

PODFILE CHECKSUM: b90c48b5ba5a54833f952f5d53e0e4d1dd457e1e

COCOAPODS: 1.11.2
