// !$*UTF8*$!
{
	archiveVersion = 1;
	classes = {
	};
	objectVersion = 55;
	objects = {

/* Begin PBXBuildFile section */
		710744872897AB1700609041 /* WriteView.swift in Sources */ = {isa = PBXBuildFile; fileRef = 710744862897AB1700609041 /* WriteView.swift */; };
		710744892897BA9000609041 /* GoodPointView.swift in Sources */ = {isa = PBXBuildFile; fileRef = 710744882897BA9000609041 /* GoodPointView.swift */; };
		7120BB8E289B9349004095ED /* InfoPlist.strings in Resources */ = {isa = PBXBuildFile; fileRef = 7120BB90289B9349004095ED /* InfoPlist.strings */; };
		7120BB93289B97BA004095ED /* TypeFieldViewModifier.swift in Sources */ = {isa = PBXBuildFile; fileRef = 7120BB92289B97BA004095ED /* TypeFieldViewModifier.swift */; };
		7120BB95289B99F3004095ED /* GoodPointRow.swift in Sources */ = {isa = PBXBuildFile; fileRef = 7120BB94289B99F3004095ED /* GoodPointRow.swift */; };
		71E2327D2896EC34003DCD0B /* ChewsApp.swift in Sources */ = {isa = PBXBuildFile; fileRef = 71E2327C2896EC34003DCD0B /* ChewsApp.swift */; };
		71E2327F2896EC34003DCD0B /* HomeView.swift in Sources */ = {isa = PBXBuildFile; fileRef = 71E2327E2896EC34003DCD0B /* HomeView.swift */; };
		71E232812896EC37003DCD0B /* Assets.xcassets in Resources */ = {isa = PBXBuildFile; fileRef = 71E232802896EC37003DCD0B /* Assets.xcassets */; };
		71E232842896EC37003DCD0B /* Preview Assets.xcassets in Resources */ = {isa = PBXBuildFile; fileRef = 71E232832896EC37003DCD0B /* Preview Assets.xcassets */; };
		71E232942896EEFD003DCD0B /* ColorExtension.swift in Sources */ = {isa = PBXBuildFile; fileRef = 71E232932896EEFD003DCD0B /* ColorExtension.swift */; };
		71E23296289718B9003DCD0B /* StringExtension.swift in Sources */ = {isa = PBXBuildFile; fileRef = 71E23295289718B9003DCD0B /* StringExtension.swift */; };
		71E2329928971929003DCD0B /* Localizable.strings in Resources */ = {isa = PBXBuildFile; fileRef = 71E2329B28971929003DCD0B /* Localizable.strings */; };
		71E2329E28971D1A003DCD0B /* BigButton.swift in Sources */ = {isa = PBXBuildFile; fileRef = 71E2329D28971D1A003DCD0B /* BigButton.swift */; };
/* End PBXBuildFile section */

/* Begin PBXFileReference section */
		710744862897AB1700609041 /* WriteView.swift */ = {isa = PBXFileReference; lastKnownFileType = sourcecode.swift; path = WriteView.swift; sourceTree = "<group>"; };
		710744882897BA9000609041 /* GoodPointView.swift */ = {isa = PBXFileReference; lastKnownFileType = sourcecode.swift; path = GoodPointView.swift; sourceTree = "<group>"; };
		7120BB8F289B9349004095ED /* en */ = {isa = PBXFileReference; lastKnownFileType = text.plist.strings; name = en; path = en.lproj/InfoPlist.strings; sourceTree = "<group>"; };
		7120BB91289B934A004095ED /* ko */ = {isa = PBXFileReference; lastKnownFileType = text.plist.strings; name = ko; path = ko.lproj/InfoPlist.strings; sourceTree = "<group>"; };
		7120BB92289B97BA004095ED /* TypeFieldViewModifier.swift */ = {isa = PBXFileReference; lastKnownFileType = sourcecode.swift; path = TypeFieldViewModifier.swift; sourceTree = "<group>"; };
		7120BB94289B99F3004095ED /* GoodPointRow.swift */ = {isa = PBXFileReference; lastKnownFileType = sourcecode.swift; path = GoodPointRow.swift; sourceTree = "<group>"; };
		71E232792896EC34003DCD0B /* Chews.app */ = {isa = PBXFileReference; explicitFileType = wrapper.application; includeInIndex = 0; path = Chews.app; sourceTree = BUILT_PRODUCTS_DIR; };
		71E2327C2896EC34003DCD0B /* ChewsApp.swift */ = {isa = PBXFileReference; lastKnownFileType = sourcecode.swift; path = ChewsApp.swift; sourceTree = "<group>"; };
		71E2327E2896EC34003DCD0B /* HomeView.swift */ = {isa = PBXFileReference; lastKnownFileType = sourcecode.swift; path = HomeView.swift; sourceTree = "<group>"; };
		71E232802896EC37003DCD0B /* Assets.xcassets */ = {isa = PBXFileReference; lastKnownFileType = folder.assetcatalog; path = Assets.xcassets; sourceTree = "<group>"; };
		71E232832896EC37003DCD0B /* Preview Assets.xcassets */ = {isa = PBXFileReference; lastKnownFileType = folder.assetcatalog; path = "Preview Assets.xcassets"; sourceTree = "<group>"; };
		71E232932896EEFD003DCD0B /* ColorExtension.swift */ = {isa = PBXFileReference; lastKnownFileType = sourcecode.swift; path = ColorExtension.swift; sourceTree = "<group>"; };
		71E23295289718B9003DCD0B /* StringExtension.swift */ = {isa = PBXFileReference; lastKnownFileType = sourcecode.swift; path = StringExtension.swift; sourceTree = "<group>"; };
		71E2329A28971929003DCD0B /* en */ = {isa = PBXFileReference; lastKnownFileType = text.plist.strings; name = en; path = en.lproj/Localizable.strings; sourceTree = "<group>"; };
		71E2329C28971957003DCD0B /* ko */ = {isa = PBXFileReference; lastKnownFileType = text.plist.strings; name = ko; path = ko.lproj/Localizable.strings; sourceTree = "<group>"; };
		71E2329D28971D1A003DCD0B /* BigButton.swift */ = {isa = PBXFileReference; lastKnownFileType = sourcecode.swift; path = BigButton.swift; sourceTree = "<group>"; };
/* End PBXFileReference section */

/* Begin PBXFrameworksBuildPhase section */
		71E232762896EC34003DCD0B /* Frameworks */ = {
			isa = PBXFrameworksBuildPhase;
			buildActionMask = 2147483647;
			files = (
			);
			runOnlyForDeploymentPostprocessing = 0;
		};
/* End PBXFrameworksBuildPhase section */

/* Begin PBXGroup section */
		710744852897AAF700609041 /* Home */ = {
			isa = PBXGroup;
			children = (
				71E2327E2896EC34003DCD0B /* HomeView.swift */,
				710744862897AB1700609041 /* WriteView.swift */,
				710744882897BA9000609041 /* GoodPointView.swift */,
				7120BB94289B99F3004095ED /* GoodPointRow.swift */,
			);
			path = Home;
			sourceTree = "<group>";
		};
		71E232702896EC34003DCD0B = {
			isa = PBXGroup;
			children = (
				71E2327B2896EC34003DCD0B /* Chews */,
				71E2327A2896EC34003DCD0B /* Products */,
			);
			sourceTree = "<group>";
		};
		71E2327A2896EC34003DCD0B /* Products */ = {
			isa = PBXGroup;
			children = (
				71E232792896EC34003DCD0B /* Chews.app */,
			);
			name = Products;
			sourceTree = "<group>";
		};
		71E2327B2896EC34003DCD0B /* Chews */ = {
			isa = PBXGroup;
			children = (
				71E232912896ED7F003DCD0B /* Source */,
				71E232902896ED6C003DCD0B /* Resource */,
				71E232822896EC37003DCD0B /* Preview Content */,
			);
			path = Chews;
			sourceTree = "<group>";
		};
		71E232822896EC37003DCD0B /* Preview Content */ = {
			isa = PBXGroup;
			children = (
				71E232832896EC37003DCD0B /* Preview Assets.xcassets */,
			);
			path = "Preview Content";
			sourceTree = "<group>";
		};
		71E2328A2896EC94003DCD0B /* UI */ = {
			isa = PBXGroup;
			children = (
				710744852897AAF700609041 /* Home */,
			);
			path = UI;
			sourceTree = "<group>";
		};
		71E2328B2896ECA7003DCD0B /* Helper */ = {
			isa = PBXGroup;
			children = (
				71E2328F2896ED15003DCD0B /* View Modifier */,
				71E2328E2896ED0E003DCD0B /* Custom View */,
				71E2328D2896ECC2003DCD0B /* Model */,
				71E2328C2896ECB9003DCD0B /* Extension */,
			);
			path = Helper;
			sourceTree = "<group>";
		};
		71E2328C2896ECB9003DCD0B /* Extension */ = {
			isa = PBXGroup;
			children = (
				71E232932896EEFD003DCD0B /* ColorExtension.swift */,
				71E23295289718B9003DCD0B /* StringExtension.swift */,
			);
			path = Extension;
			sourceTree = "<group>";
		};
		71E2328D2896ECC2003DCD0B /* Model */ = {
			isa = PBXGroup;
			children = (
			);
			path = Model;
			sourceTree = "<group>";
		};
		71E2328E2896ED0E003DCD0B /* Custom View */ = {
			isa = PBXGroup;
			children = (
				71E2329D28971D1A003DCD0B /* BigButton.swift */,
			);
			path = "Custom View";
			sourceTree = "<group>";
		};
		71E2328F2896ED15003DCD0B /* View Modifier */ = {
			isa = PBXGroup;
			children = (
				7120BB92289B97BA004095ED /* TypeFieldViewModifier.swift */,
			);
			path = "View Modifier";
			sourceTree = "<group>";
		};
		71E232902896ED6C003DCD0B /* Resource */ = {
			isa = PBXGroup;
			children = (
				71E232802896EC37003DCD0B /* Assets.xcassets */,
				71E2329B28971929003DCD0B /* Localizable.strings */,
				7120BB90289B9349004095ED /* InfoPlist.strings */,
			);
			path = Resource;
			sourceTree = "<group>";
		};
		71E232912896ED7F003DCD0B /* Source */ = {
			isa = PBXGroup;
			children = (
				71E232922896ED9B003DCD0B /* Application */,
				71E2328A2896EC94003DCD0B /* UI */,
				71E2328B2896ECA7003DCD0B /* Helper */,
			);
			path = Source;
			sourceTree = "<group>";
		};
		71E232922896ED9B003DCD0B /* Application */ = {
			isa = PBXGroup;
			children = (
				71E2327C2896EC34003DCD0B /* ChewsApp.swift */,
			);
			path = Application;
			sourceTree = "<group>";
		};
/* End PBXGroup section */

/* Begin PBXNativeTarget section */
		71E232782896EC34003DCD0B /* Chews */ = {
			isa = PBXNativeTarget;
			buildConfigurationList = 71E232872896EC37003DCD0B /* Build configuration list for PBXNativeTarget "Chews" */;
			buildPhases = (
				71E232752896EC34003DCD0B /* Sources */,
				71E232762896EC34003DCD0B /* Frameworks */,
				71E232772896EC34003DCD0B /* Resources */,
			);
			buildRules = (
			);
			dependencies = (
			);
			name = Chews;
			productName = Chews;
			productReference = 71E232792896EC34003DCD0B /* Chews.app */;
			productType = "com.apple.product-type.application";
		};
/* End PBXNativeTarget section */

/* Begin PBXProject section */
		71E232712896EC34003DCD0B /* Project object */ = {
			isa = PBXProject;
			attributes = {
				BuildIndependentTargetsInParallel = 1;
				LastSwiftUpdateCheck = 1340;
				LastUpgradeCheck = 1340;
				TargetAttributes = {
					71E232782896EC34003DCD0B = {
						CreatedOnToolsVersion = 13.4.1;
					};
				};
			};
			buildConfigurationList = 71E232742896EC34003DCD0B /* Build configuration list for PBXProject "Chews" */;
			compatibilityVersion = "Xcode 13.0";
			developmentRegion = en;
			hasScannedForEncodings = 0;
			knownRegions = (
				en,
				Base,
				ko,
			);
			mainGroup = 71E232702896EC34003DCD0B;
			productRefGroup = 71E2327A2896EC34003DCD0B /* Products */;
			projectDirPath = "";
			projectRoot = "";
			targets = (
				71E232782896EC34003DCD0B /* Chews */,
			);
		};
/* End PBXProject section */

/* Begin PBXResourcesBuildPhase section */
		71E232772896EC34003DCD0B /* Resources */ = {
			isa = PBXResourcesBuildPhase;
			buildActionMask = 2147483647;
			files = (
				71E232842896EC37003DCD0B /* Preview Assets.xcassets in Resources */,
				7120BB8E289B9349004095ED /* InfoPlist.strings in Resources */,
				71E2329928971929003DCD0B /* Localizable.strings in Resources */,
				71E232812896EC37003DCD0B /* Assets.xcassets in Resources */,
			);
			runOnlyForDeploymentPostprocessing = 0;
		};
/* End PBXResourcesBuildPhase section */

/* Begin PBXSourcesBuildPhase section */
		71E232752896EC34003DCD0B /* Sources */ = {
			isa = PBXSourcesBuildPhase;
			buildActionMask = 2147483647;
			files = (
				71E23296289718B9003DCD0B /* StringExtension.swift in Sources */,
				710744892897BA9000609041 /* GoodPointView.swift in Sources */,
				71E232942896EEFD003DCD0B /* ColorExtension.swift in Sources */,
				710744872897AB1700609041 /* WriteView.swift in Sources */,
				71E2327F2896EC34003DCD0B /* HomeView.swift in Sources */,
				71E2329E28971D1A003DCD0B /* BigButton.swift in Sources */,
				71E2327D2896EC34003DCD0B /* ChewsApp.swift in Sources */,
				7120BB95289B99F3004095ED /* GoodPointRow.swift in Sources */,
				7120BB93289B97BA004095ED /* TypeFieldViewModifier.swift in Sources */,
			);
			runOnlyForDeploymentPostprocessing = 0;
		};
/* End PBXSourcesBuildPhase section */

/* Begin PBXVariantGroup section */
		7120BB90289B9349004095ED /* InfoPlist.strings */ = {
			isa = PBXVariantGroup;
			children = (
				7120BB8F289B9349004095ED /* en */,
				7120BB91289B934A004095ED /* ko */,
			);
			name = InfoPlist.strings;
			sourceTree = "<group>";
		};
		71E2329B28971929003DCD0B /* Localizable.strings */ = {
			isa = PBXVariantGroup;
			children = (
				71E2329A28971929003DCD0B /* en */,
				71E2329C28971957003DCD0B /* ko */,
			);
			name = Localizable.strings;
			sourceTree = "<group>";
		};
/* End PBXVariantGroup section */

/* Begin XCBuildConfiguration section */
		71E232852896EC37003DCD0B /* Debug */ = {
			isa = XCBuildConfiguration;
			buildSettings = {
				ALWAYS_SEARCH_USER_PATHS = NO;
				CLANG_ANALYZER_LOCALIZABILITY_NONLOCALIZED = YES;
				CLANG_ANALYZER_NONNULL = YES;
				CLANG_ANALYZER_NUMBER_OBJECT_CONVERSION = YES_AGGRESSIVE;
				CLANG_CXX_LANGUAGE_STANDARD = "gnu++17";
				CLANG_ENABLE_MODULES = YES;
				CLANG_ENABLE_OBJC_ARC = YES;
				CLANG_ENABLE_OBJC_WEAK = YES;
				CLANG_WARN_BLOCK_CAPTURE_AUTORELEASING = YES;
				CLANG_WARN_BOOL_CONVERSION = YES;
				CLANG_WARN_COMMA = YES;
				CLANG_WARN_CONSTANT_CONVERSION = YES;
				CLANG_WARN_DEPRECATED_OBJC_IMPLEMENTATIONS = YES;
				CLANG_WARN_DIRECT_OBJC_ISA_USAGE = YES_ERROR;
				CLANG_WARN_DOCUMENTATION_COMMENTS = YES;
				CLANG_WARN_EMPTY_BODY = YES;
				CLANG_WARN_ENUM_CONVERSION = YES;
				CLANG_WARN_INFINITE_RECURSION = YES;
				CLANG_WARN_INT_CONVERSION = YES;
				CLANG_WARN_NON_LITERAL_NULL_CONVERSION = YES;
				CLANG_WARN_OBJC_IMPLICIT_RETAIN_SELF = YES;
				CLANG_WARN_OBJC_LITERAL_CONVERSION = YES;
				CLANG_WARN_OBJC_ROOT_CLASS = YES_ERROR;
				CLANG_WARN_QUOTED_INCLUDE_IN_FRAMEWORK_HEADER = YES;
				CLANG_WARN_RANGE_LOOP_ANALYSIS = YES;
				CLANG_WARN_STRICT_PROTOTYPES = YES;
				CLANG_WARN_SUSPICIOUS_MOVE = YES;
				CLANG_WARN_UNGUARDED_AVAILABILITY = YES_AGGRESSIVE;
				CLANG_WARN_UNREACHABLE_CODE = YES;
				CLANG_WARN__DUPLICATE_METHOD_MATCH = YES;
				COPY_PHASE_STRIP = NO;
				DEBUG_INFORMATION_FORMAT = dwarf;
				ENABLE_STRICT_OBJC_MSGSEND = YES;
				ENABLE_TESTABILITY = YES;
				GCC_C_LANGUAGE_STANDARD = gnu11;
				GCC_DYNAMIC_NO_PIC = NO;
				GCC_NO_COMMON_BLOCKS = YES;
				GCC_OPTIMIZATION_LEVEL = 0;
				GCC_PREPROCESSOR_DEFINITIONS = (
					"DEBUG=1",
					"$(inherited)",
				);
				GCC_WARN_64_TO_32_BIT_CONVERSION = YES;
				GCC_WARN_ABOUT_RETURN_TYPE = YES_ERROR;
				GCC_WARN_UNDECLARED_SELECTOR = YES;
				GCC_WARN_UNINITIALIZED_AUTOS = YES_AGGRESSIVE;
				GCC_WARN_UNUSED_FUNCTION = YES;
				GCC_WARN_UNUSED_VARIABLE = YES;
				IPHONEOS_DEPLOYMENT_TARGET = 15.0;
				MTL_ENABLE_DEBUG_INFO = INCLUDE_SOURCE;
				MTL_FAST_MATH = YES;
				ONLY_ACTIVE_ARCH = YES;
				SDKROOT = iphoneos;
				SWIFT_ACTIVE_COMPILATION_CONDITIONS = DEBUG;
				SWIFT_OPTIMIZATION_LEVEL = "-Onone";
			};
			name = Debug;
		};
		71E232862896EC37003DCD0B /* Release */ = {
			isa = XCBuildConfiguration;
			buildSettings = {
				ALWAYS_SEARCH_USER_PATHS = NO;
				CLANG_ANALYZER_LOCALIZABILITY_NONLOCALIZED = YES;
				CLANG_ANALYZER_NONNULL = YES;
				CLANG_ANALYZER_NUMBER_OBJECT_CONVERSION = YES_AGGRESSIVE;
				CLANG_CXX_LANGUAGE_STANDARD = "gnu++17";
				CLANG_ENABLE_MODULES = YES;
				CLANG_ENABLE_OBJC_ARC = YES;
				CLANG_ENABLE_OBJC_WEAK = YES;
				CLANG_WARN_BLOCK_CAPTURE_AUTORELEASING = YES;
				CLANG_WARN_BOOL_CONVERSION = YES;
				CLANG_WARN_COMMA = YES;
				CLANG_WARN_CONSTANT_CONVERSION = YES;
				CLANG_WARN_DEPRECATED_OBJC_IMPLEMENTATIONS = YES;
				CLANG_WARN_DIRECT_OBJC_ISA_USAGE = YES_ERROR;
				CLANG_WARN_DOCUMENTATION_COMMENTS = YES;
				CLANG_WARN_EMPTY_BODY = YES;
				CLANG_WARN_ENUM_CONVERSION = YES;
				CLANG_WARN_INFINITE_RECURSION = YES;
				CLANG_WARN_INT_CONVERSION = YES;
				CLANG_WARN_NON_LITERAL_NULL_CONVERSION = YES;
				CLANG_WARN_OBJC_IMPLICIT_RETAIN_SELF = YES;
				CLANG_WARN_OBJC_LITERAL_CONVERSION = YES;
				CLANG_WARN_OBJC_ROOT_CLASS = YES_ERROR;
				CLANG_WARN_QUOTED_INCLUDE_IN_FRAMEWORK_HEADER = YES;
				CLANG_WARN_RANGE_LOOP_ANALYSIS = YES;
				CLANG_WARN_STRICT_PROTOTYPES = YES;
				CLANG_WARN_SUSPICIOUS_MOVE = YES;
				CLANG_WARN_UNGUARDED_AVAILABILITY = YES_AGGRESSIVE;
				CLANG_WARN_UNREACHABLE_CODE = YES;
				CLANG_WARN__DUPLICATE_METHOD_MATCH = YES;
				COPY_PHASE_STRIP = NO;
				DEBUG_INFORMATION_FORMAT = "dwarf-with-dsym";
				ENABLE_NS_ASSERTIONS = NO;
				ENABLE_STRICT_OBJC_MSGSEND = YES;
				GCC_C_LANGUAGE_STANDARD = gnu11;
				GCC_NO_COMMON_BLOCKS = YES;
				GCC_WARN_64_TO_32_BIT_CONVERSION = YES;
				GCC_WARN_ABOUT_RETURN_TYPE = YES_ERROR;
				GCC_WARN_UNDECLARED_SELECTOR = YES;
				GCC_WARN_UNINITIALIZED_AUTOS = YES_AGGRESSIVE;
				GCC_WARN_UNUSED_FUNCTION = YES;
				GCC_WARN_UNUSED_VARIABLE = YES;
				IPHONEOS_DEPLOYMENT_TARGET = 15.0;
				MTL_ENABLE_DEBUG_INFO = NO;
				MTL_FAST_MATH = YES;
				SDKROOT = iphoneos;
				SWIFT_COMPILATION_MODE = wholemodule;
				SWIFT_OPTIMIZATION_LEVEL = "-O";
				VALIDATE_PRODUCT = YES;
			};
			name = Release;
		};
		71E232882896EC37003DCD0B /* Debug */ = {
			isa = XCBuildConfiguration;
			buildSettings = {
				ASSETCATALOG_COMPILER_APPICON_NAME = AppIcon;
				ASSETCATALOG_COMPILER_GLOBAL_ACCENT_COLOR_NAME = AccentColor;
				CODE_SIGN_STYLE = Automatic;
				CURRENT_PROJECT_VERSION = 1;
				DEVELOPMENT_ASSET_PATHS = "\"Chews/Preview Content\"";
				DEVELOPMENT_TEAM = 792N87PWZU;
				ENABLE_PREVIEWS = YES;
				GENERATE_INFOPLIST_FILE = YES;
				INFOPLIST_KEY_UIApplicationSceneManifest_Generation = YES;
				INFOPLIST_KEY_UIApplicationSupportsIndirectInputEvents = YES;
				INFOPLIST_KEY_UILaunchScreen_Generation = YES;
				INFOPLIST_KEY_UISupportedInterfaceOrientations_iPad = "UIInterfaceOrientationPortrait UIInterfaceOrientationPortraitUpsideDown UIInterfaceOrientationLandscapeLeft UIInterfaceOrientationLandscapeRight";
				INFOPLIST_KEY_UISupportedInterfaceOrientations_iPhone = "UIInterfaceOrientationPortrait UIInterfaceOrientationLandscapeLeft UIInterfaceOrientationLandscapeRight";
				LD_RUNPATH_SEARCH_PATHS = (
					"$(inherited)",
					"@executable_path/Frameworks",
				);
				MARKETING_VERSION = 1.0;
				PRODUCT_BUNDLE_IDENTIFIER = com.mnis.Chews;
				PRODUCT_NAME = "$(TARGET_NAME)";
				SWIFT_EMIT_LOC_STRINGS = YES;
				SWIFT_VERSION = 5.0;
				TARGETED_DEVICE_FAMILY = "1,2";
			};
			name = Debug;
		};
		71E232892896EC37003DCD0B /* Release */ = {
			isa = XCBuildConfiguration;
			buildSettings = {
				ASSETCATALOG_COMPILER_APPICON_NAME = AppIcon;
				ASSETCATALOG_COMPILER_GLOBAL_ACCENT_COLOR_NAME = AccentColor;
				CODE_SIGN_STYLE = Automatic;
				CURRENT_PROJECT_VERSION = 1;
				DEVELOPMENT_ASSET_PATHS = "\"Chews/Preview Content\"";
				DEVELOPMENT_TEAM = 792N87PWZU;
				ENABLE_PREVIEWS = YES;
				GENERATE_INFOPLIST_FILE = YES;
				INFOPLIST_KEY_UIApplicationSceneManifest_Generation = YES;
				INFOPLIST_KEY_UIApplicationSupportsIndirectInputEvents = YES;
				INFOPLIST_KEY_UILaunchScreen_Generation = YES;
				INFOPLIST_KEY_UISupportedInterfaceOrientations_iPad = "UIInterfaceOrientationPortrait UIInterfaceOrientationPortraitUpsideDown UIInterfaceOrientationLandscapeLeft UIInterfaceOrientationLandscapeRight";
				INFOPLIST_KEY_UISupportedInterfaceOrientations_iPhone = "UIInterfaceOrientationPortrait UIInterfaceOrientationLandscapeLeft UIInterfaceOrientationLandscapeRight";
				LD_RUNPATH_SEARCH_PATHS = (
					"$(inherited)",
					"@executable_path/Frameworks",
				);
				MARKETING_VERSION = 1.0;
				PRODUCT_BUNDLE_IDENTIFIER = com.mnis.Chews;
				PRODUCT_NAME = "$(TARGET_NAME)";
				SWIFT_EMIT_LOC_STRINGS = YES;
				SWIFT_VERSION = 5.0;
				TARGETED_DEVICE_FAMILY = "1,2";
			};
			name = Release;
		};
/* End XCBuildConfiguration section */

/* Begin XCConfigurationList section */
		71E232742896EC34003DCD0B /* Build configuration list for PBXProject "Chews" */ = {
			isa = XCConfigurationList;
			buildConfigurations = (
				71E232852896EC37003DCD0B /* Debug */,
				71E232862896EC37003DCD0B /* Release */,
			);
			defaultConfigurationIsVisible = 0;
			defaultConfigurationName = Release;
		};
		71E232872896EC37003DCD0B /* Build configuration list for PBXNativeTarget "Chews" */ = {
			isa = XCConfigurationList;
			buildConfigurations = (
				71E232882896EC37003DCD0B /* Debug */,
				71E232892896EC37003DCD0B /* Release */,
			);
			defaultConfigurationIsVisible = 0;
			defaultConfigurationName = Release;
		};
/* End XCConfigurationList section */
	};
	rootObject = 71E232712896EC34003DCD0B /* Project object */;
}
